{
  "requires": true,
  "lockfileVersion": 1,
  "dependencies": {
    "z9math_example": {
      "version": "1.0.3",
      "resolved": "https://registry.npmjs.org/z9math_example/-/z9math_example-1.0.3.tgz",
      "integrity": "sha512-dZgEP5iMy8hce9T3iIhhy7ATBF+xbJok2veWBOZJ2eoLZzZFRiBIC32rtT6cnspyWwkf3CKbZwDdmvFG0CTSyQ=="
    }
  }
}
