
Microsoft Visual Studio Solution File, Format Version 12.00
# Visual Studio 15
VisualStudioVersion = 15.0.27428.2015
MinimumVisualStudioVersion = 10.0.40219.1
Project("{FAE04EC0-301F-11D3-BF4B-00C04F79EFBC}") = "JSLesson2", "JSLesson2\JSLesson2.csproj", "{0F0D1D93-189F-4ACE-974A-BD7F0B736A65}"
EndProject
Project("{262852C6-CD72-467D-83FE-5EEB1973A190}") = "JSWindows81Store", "JSWindows81Store\JSWindows81Store.jsproj", "{F844BA2F-52BB-45B0-B53B-A12DD2EFEB00}"
EndProject
Project("{FAE04EC0-301F-11D3-BF4B-00C04F79EFBC}") = "WebCalculator", "WebCalculator\WebCalculator.csproj", "{37871FC9-0841-47CE-B0E0-39CECC22B0EA}"
EndProject
Project("{2150E333-8FDC-42A3-9474-1A3956D46DE8}") = "nodejs", "nodejs", "{61816848-A116-4061-B5AE-1B7966E8C151}"
	ProjectSection(SolutionItems) = preProject
		nodejs\HelloWorld.js = nodejs\HelloWorld.js
	EndProjectSection
EndProject
Global
	GlobalSection(SolutionConfigurationPlatforms) = preSolution
		Debug|Any CPU = Debug|Any CPU
		Debug|ARM = Debug|ARM
		Debug|x64 = Debug|x64
		Debug|x86 = Debug|x86
		Release|Any CPU = Release|Any CPU
		Release|ARM = Release|ARM
		Release|x64 = Release|x64
		Release|x86 = Release|x86
	EndGlobalSection
	GlobalSection(ProjectConfigurationPlatforms) = postSolution
		{0F0D1D93-189F-4ACE-974A-BD7F0B736A65}.Debug|Any CPU.ActiveCfg = Debug|Any CPU
		{0F0D1D93-189F-4ACE-974A-BD7F0B736A65}.Debug|Any CPU.Build.0 = Debug|Any CPU
		{0F0D1D93-189F-4ACE-974A-BD7F0B736A65}.Debug|ARM.ActiveCfg = Debug|Any CPU
		{0F0D1D93-189F-4ACE-974A-BD7F0B736A65}.Debug|ARM.Build.0 = Debug|Any CPU
		{0F0D1D93-189F-4ACE-974A-BD7F0B736A65}.Debug|x64.ActiveCfg = Debug|Any CPU
		{0F0D1D93-189F-4ACE-974A-BD7F0B736A65}.Debug|x64.Build.0 = Debug|Any CPU
		{0F0D1D93-189F-4ACE-974A-BD7F0B736A65}.Debug|x86.ActiveCfg = Debug|Any CPU
		{0F0D1D93-189F-4ACE-974A-BD7F0B736A65}.Debug|x86.Build.0 = Debug|Any CPU
		{0F0D1D93-189F-4ACE-974A-BD7F0B736A65}.Release|Any CPU.ActiveCfg = Release|Any CPU
		{0F0D1D93-189F-4ACE-974A-BD7F0B736A65}.Release|Any CPU.Build.0 = Release|Any CPU
		{0F0D1D93-189F-4ACE-974A-BD7F0B736A65}.Release|ARM.ActiveCfg = Release|Any CPU
		{0F0D1D93-189F-4ACE-974A-BD7F0B736A65}.Release|ARM.Build.0 = Release|Any CPU
		{0F0D1D93-189F-4ACE-974A-BD7F0B736A65}.Release|x64.ActiveCfg = Release|Any CPU
		{0F0D1D93-189F-4ACE-974A-BD7F0B736A65}.Release|x64.Build.0 = Release|Any CPU
		{0F0D1D93-189F-4ACE-974A-BD7F0B736A65}.Release|x86.ActiveCfg = Release|Any CPU
		{0F0D1D93-189F-4ACE-974A-BD7F0B736A65}.Release|x86.Build.0 = Release|Any CPU
		{F844BA2F-52BB-45B0-B53B-A12DD2EFEB00}.Debug|Any CPU.ActiveCfg = Debug|Any CPU
		{F844BA2F-52BB-45B0-B53B-A12DD2EFEB00}.Debug|Any CPU.Build.0 = Debug|Any CPU
		{F844BA2F-52BB-45B0-B53B-A12DD2EFEB00}.Debug|Any CPU.Deploy.0 = Debug|Any CPU
		{F844BA2F-52BB-45B0-B53B-A12DD2EFEB00}.Debug|ARM.ActiveCfg = Debug|ARM
		{F844BA2F-52BB-45B0-B53B-A12DD2EFEB00}.Debug|ARM.Build.0 = Debug|ARM
		{F844BA2F-52BB-45B0-B53B-A12DD2EFEB00}.Debug|ARM.Deploy.0 = Debug|ARM
		{F844BA2F-52BB-45B0-B53B-A12DD2EFEB00}.Debug|x64.ActiveCfg = Debug|x64
		{F844BA2F-52BB-45B0-B53B-A12DD2EFEB00}.Debug|x64.Build.0 = Debug|x64
		{F844BA2F-52BB-45B0-B53B-A12DD2EFEB00}.Debug|x64.Deploy.0 = Debug|x64
		{F844BA2F-52BB-45B0-B53B-A12DD2EFEB00}.Debug|x86.ActiveCfg = Debug|x86
		{F844BA2F-52BB-45B0-B53B-A12DD2EFEB00}.Debug|x86.Build.0 = Debug|x86
		{F844BA2F-52BB-45B0-B53B-A12DD2EFEB00}.Debug|x86.Deploy.0 = Debug|x86
		{F844BA2F-52BB-45B0-B53B-A12DD2EFEB00}.Release|Any CPU.ActiveCfg = Release|Any CPU
		{F844BA2F-52BB-45B0-B53B-A12DD2EFEB00}.Release|Any CPU.Build.0 = Release|Any CPU
		{F844BA2F-52BB-45B0-B53B-A12DD2EFEB00}.Release|Any CPU.Deploy.0 = Release|Any CPU
		{F844BA2F-52BB-45B0-B53B-A12DD2EFEB00}.Release|ARM.ActiveCfg = Release|ARM
		{F844BA2F-52BB-45B0-B53B-A12DD2EFEB00}.Release|ARM.Build.0 = Release|ARM
		{F844BA2F-52BB-45B0-B53B-A12DD2EFEB00}.Release|ARM.Deploy.0 = Release|ARM
		{F844BA2F-52BB-45B0-B53B-A12DD2EFEB00}.Release|x64.ActiveCfg = Release|x64
		{F844BA2F-52BB-45B0-B53B-A12DD2EFEB00}.Release|x64.Build.0 = Release|x64
		{F844BA2F-52BB-45B0-B53B-A12DD2EFEB00}.Release|x64.Deploy.0 = Release|x64
		{F844BA2F-52BB-45B0-B53B-A12DD2EFEB00}.Release|x86.ActiveCfg = Release|x86
		{F844BA2F-52BB-45B0-B53B-A12DD2EFEB00}.Release|x86.Build.0 = Release|x86
		{F844BA2F-52BB-45B0-B53B-A12DD2EFEB00}.Release|x86.Deploy.0 = Release|x86
		{37871FC9-0841-47CE-B0E0-39CECC22B0EA}.Debug|Any CPU.ActiveCfg = Debug|Any CPU
		{37871FC9-0841-47CE-B0E0-39CECC22B0EA}.Debug|Any CPU.Build.0 = Debug|Any CPU
		{37871FC9-0841-47CE-B0E0-39CECC22B0EA}.Debug|ARM.ActiveCfg = Debug|Any CPU
		{37871FC9-0841-47CE-B0E0-39CECC22B0EA}.Debug|x64.ActiveCfg = Debug|Any CPU
		{37871FC9-0841-47CE-B0E0-39CECC22B0EA}.Debug|x86.ActiveCfg = Debug|Any CPU
		{37871FC9-0841-47CE-B0E0-39CECC22B0EA}.Release|Any CPU.ActiveCfg = Release|Any CPU
		{37871FC9-0841-47CE-B0E0-39CECC22B0EA}.Release|Any CPU.Build.0 = Release|Any CPU
		{37871FC9-0841-47CE-B0E0-39CECC22B0EA}.Release|ARM.ActiveCfg = Release|Any CPU
		{37871FC9-0841-47CE-B0E0-39CECC22B0EA}.Release|x64.ActiveCfg = Release|Any CPU
		{37871FC9-0841-47CE-B0E0-39CECC22B0EA}.Release|x86.ActiveCfg = Release|Any CPU
	EndGlobalSection
	GlobalSection(SolutionProperties) = preSolution
		HideSolutionNode = FALSE
	EndGlobalSection
	GlobalSection(ExtensibilityGlobals) = postSolution
		SolutionGuid = {2B24E471-AE2E-4EE6-94D0-93B53D8157DB}
	EndGlobalSection
EndGlobal
