
Microsoft Visual Studio Solution File, Format Version 12.00
# Visual Studio 14
VisualStudioVersion = 14.0.25420.1
MinimumVisualStudioVersion = 10.0.40219.1
Project("{FAE04EC0-301F-11D3-BF4B-00C04F79EFBC}") = "ContosoWebSite", "ContosoWebSite\ContosoWebSite.csproj", "{FCF1BDE2-B02C-46B7-852C-F1D8F80AC68D}"
EndProject
Project("{FAE04EC0-301F-11D3-BF4B-00C04F79EFBC}") = "ContosoWebSite.Tests", "ContosoWebSite.Tests\ContosoWebSite.Tests.csproj", "{11092B8F-47E7-4818-8D0E-4BA272053BD9}"
EndProject
Global
	GlobalSection(SolutionConfigurationPlatforms) = preSolution
		Debug|Any CPU = Debug|Any CPU
		Release|Any CPU = Release|Any CPU
	EndGlobalSection
	GlobalSection(ProjectConfigurationPlatforms) = postSolution
		{FCF1BDE2-B02C-46B7-852C-F1D8F80AC68D}.Debug|Any CPU.ActiveCfg = Debug|Any CPU
		{FCF1BDE2-B02C-46B7-852C-F1D8F80AC68D}.Debug|Any CPU.Build.0 = Debug|Any CPU
		{FCF1BDE2-B02C-46B7-852C-F1D8F80AC68D}.Release|Any CPU.ActiveCfg = Release|Any CPU
		{FCF1BDE2-B02C-46B7-852C-F1D8F80AC68D}.Release|Any CPU.Build.0 = Release|Any CPU
		{11092B8F-47E7-4818-8D0E-4BA272053BD9}.Debug|Any CPU.ActiveCfg = Debug|Any CPU
		{11092B8F-47E7-4818-8D0E-4BA272053BD9}.Debug|Any CPU.Build.0 = Debug|Any CPU
		{11092B8F-47E7-4818-8D0E-4BA272053BD9}.Release|Any CPU.ActiveCfg = Release|Any CPU
		{11092B8F-47E7-4818-8D0E-4BA272053BD9}.Release|Any CPU.Build.0 = Release|Any CPU
	EndGlobalSection
	GlobalSection(SolutionProperties) = preSolution
		HideSolutionNode = FALSE
	EndGlobalSection
EndGlobal
