
Microsoft Visual Studio Solution File, Format Version 12.00
# Visual Studio 14
VisualStudioVersion = 14.0.25420.1
MinimumVisualStudioVersion = 10.0.40219.1
Project("{FAE04EC0-301F-11D3-BF4B-00C04F79EFBC}") = "ContosoWebSite", "ContosoWebSite\ContosoWebSite.csproj", "{FCF1BDE2-B02C-46B7-852C-F1D8F80AC68D}"
EndProject
Project("{FAE04EC0-301F-11D3-BF4B-00C04F79EFBC}") = "ContosoWebSite.Tests", "ContosoWebSite.Tests\ContosoWebSite.Tests.csproj", "{11092B8F-47E7-4818-8D0E-4BA272053BD9}"
EndProject
Project("{FAE04EC0-301F-11D3-BF4B-00C04F79EFBC}") = "JSLesson2", "JSLesson2\JSLesson2.csproj", "{0F0D1D93-189F-4ACE-974A-BD7F0B736A65}"
EndProject
Project("{262852C6-CD72-467D-83FE-5EEB1973A190}") = "JSWindows81Store", "JSWindows81Store\JSWindows81Store.jsproj", "{F844BA2F-52BB-45B0-B53B-A12DD2EFEB00}"
EndProject
Global
	GlobalSection(SolutionConfigurationPlatforms) = preSolution
		Debug|Any CPU = Debug|Any CPU
		Debug|ARM = Debug|ARM
		Debug|x64 = Debug|x64
		Debug|x86 = Debug|x86
		Release|Any CPU = Release|Any CPU
		Release|ARM = Release|ARM
		Release|x64 = Release|x64
		Release|x86 = Release|x86
	EndGlobalSection
	GlobalSection(ProjectConfigurationPlatforms) = postSolution
		{FCF1BDE2-B02C-46B7-852C-F1D8F80AC68D}.Debug|Any CPU.ActiveCfg = Debug|Any CPU
		{FCF1BDE2-B02C-46B7-852C-F1D8F80AC68D}.Debug|Any CPU.Build.0 = Debug|Any CPU
		{FCF1BDE2-B02C-46B7-852C-F1D8F80AC68D}.Debug|ARM.ActiveCfg = Debug|Any CPU
		{FCF1BDE2-B02C-46B7-852C-F1D8F80AC68D}.Debug|ARM.Build.0 = Debug|Any CPU
		{FCF1BDE2-B02C-46B7-852C-F1D8F80AC68D}.Debug|x64.ActiveCfg = Debug|Any CPU
		{FCF1BDE2-B02C-46B7-852C-F1D8F80AC68D}.Debug|x64.Build.0 = Debug|Any CPU
		{FCF1BDE2-B02C-46B7-852C-F1D8F80AC68D}.Debug|x86.ActiveCfg = Debug|Any CPU
		{FCF1BDE2-B02C-46B7-852C-F1D8F80AC68D}.Debug|x86.Build.0 = Debug|Any CPU
		{FCF1BDE2-B02C-46B7-852C-F1D8F80AC68D}.Release|Any CPU.ActiveCfg = Release|Any CPU
		{FCF1BDE2-B02C-46B7-852C-F1D8F80AC68D}.Release|Any CPU.Build.0 = Release|Any CPU
		{FCF1BDE2-B02C-46B7-852C-F1D8F80AC68D}.Release|ARM.ActiveCfg = Release|Any CPU
		{FCF1BDE2-B02C-46B7-852C-F1D8F80AC68D}.Release|ARM.Build.0 = Release|Any CPU
		{FCF1BDE2-B02C-46B7-852C-F1D8F80AC68D}.Release|x64.ActiveCfg = Release|Any CPU
		{FCF1BDE2-B02C-46B7-852C-F1D8F80AC68D}.Release|x64.Build.0 = Release|Any CPU
		{FCF1BDE2-B02C-46B7-852C-F1D8F80AC68D}.Release|x86.ActiveCfg = Release|Any CPU
		{FCF1BDE2-B02C-46B7-852C-F1D8F80AC68D}.Release|x86.Build.0 = Release|Any CPU
		{11092B8F-47E7-4818-8D0E-4BA272053BD9}.Debug|Any CPU.ActiveCfg = Debug|Any CPU
		{11092B8F-47E7-4818-8D0E-4BA272053BD9}.Debug|Any CPU.Build.0 = Debug|Any CPU
		{11092B8F-47E7-4818-8D0E-4BA272053BD9}.Debug|ARM.ActiveCfg = Debug|Any CPU
		{11092B8F-47E7-4818-8D0E-4BA272053BD9}.Debug|ARM.Build.0 = Debug|Any CPU
		{11092B8F-47E7-4818-8D0E-4BA272053BD9}.Debug|x64.ActiveCfg = Debug|Any CPU
		{11092B8F-47E7-4818-8D0E-4BA272053BD9}.Debug|x64.Build.0 = Debug|Any CPU
		{11092B8F-47E7-4818-8D0E-4BA272053BD9}.Debug|x86.ActiveCfg = Debug|Any CPU
		{11092B8F-47E7-4818-8D0E-4BA272053BD9}.Debug|x86.Build.0 = Debug|Any CPU
		{11092B8F-47E7-4818-8D0E-4BA272053BD9}.Release|Any CPU.ActiveCfg = Release|Any CPU
		{11092B8F-47E7-4818-8D0E-4BA272053BD9}.Release|Any CPU.Build.0 = Release|Any CPU
		{11092B8F-47E7-4818-8D0E-4BA272053BD9}.Release|ARM.ActiveCfg = Release|Any CPU
		{11092B8F-47E7-4818-8D0E-4BA272053BD9}.Release|ARM.Build.0 = Release|Any CPU
		{11092B8F-47E7-4818-8D0E-4BA272053BD9}.Release|x64.ActiveCfg = Release|Any CPU
		{11092B8F-47E7-4818-8D0E-4BA272053BD9}.Release|x64.Build.0 = Release|Any CPU
		{11092B8F-47E7-4818-8D0E-4BA272053BD9}.Release|x86.ActiveCfg = Release|Any CPU
		{11092B8F-47E7-4818-8D0E-4BA272053BD9}.Release|x86.Build.0 = Release|Any CPU
		{0F0D1D93-189F-4ACE-974A-BD7F0B736A65}.Debug|Any CPU.ActiveCfg = Debug|Any CPU
		{0F0D1D93-189F-4ACE-974A-BD7F0B736A65}.Debug|Any CPU.Build.0 = Debug|Any CPU
		{0F0D1D93-189F-4ACE-974A-BD7F0B736A65}.Debug|ARM.ActiveCfg = Debug|Any CPU
		{0F0D1D93-189F-4ACE-974A-BD7F0B736A65}.Debug|ARM.Build.0 = Debug|Any CPU
		{0F0D1D93-189F-4ACE-974A-BD7F0B736A65}.Debug|x64.ActiveCfg = Debug|Any CPU
		{0F0D1D93-189F-4ACE-974A-BD7F0B736A65}.Debug|x64.Build.0 = Debug|Any CPU
		{0F0D1D93-189F-4ACE-974A-BD7F0B736A65}.Debug|x86.ActiveCfg = Debug|Any CPU
		{0F0D1D93-189F-4ACE-974A-BD7F0B736A65}.Debug|x86.Build.0 = Debug|Any CPU
		{0F0D1D93-189F-4ACE-974A-BD7F0B736A65}.Release|Any CPU.ActiveCfg = Release|Any CPU
		{0F0D1D93-189F-4ACE-974A-BD7F0B736A65}.Release|Any CPU.Build.0 = Release|Any CPU
		{0F0D1D93-189F-4ACE-974A-BD7F0B736A65}.Release|ARM.ActiveCfg = Release|Any CPU
		{0F0D1D93-189F-4ACE-974A-BD7F0B736A65}.Release|ARM.Build.0 = Release|Any CPU
		{0F0D1D93-189F-4ACE-974A-BD7F0B736A65}.Release|x64.ActiveCfg = Release|Any CPU
		{0F0D1D93-189F-4ACE-974A-BD7F0B736A65}.Release|x64.Build.0 = Release|Any CPU
		{0F0D1D93-189F-4ACE-974A-BD7F0B736A65}.Release|x86.ActiveCfg = Release|Any CPU
		{0F0D1D93-189F-4ACE-974A-BD7F0B736A65}.Release|x86.Build.0 = Release|Any CPU
		{F844BA2F-52BB-45B0-B53B-A12DD2EFEB00}.Debug|Any CPU.ActiveCfg = Debug|Any CPU
		{F844BA2F-52BB-45B0-B53B-A12DD2EFEB00}.Debug|Any CPU.Build.0 = Debug|Any CPU
		{F844BA2F-52BB-45B0-B53B-A12DD2EFEB00}.Debug|Any CPU.Deploy.0 = Debug|Any CPU
		{F844BA2F-52BB-45B0-B53B-A12DD2EFEB00}.Debug|ARM.ActiveCfg = Debug|ARM
		{F844BA2F-52BB-45B0-B53B-A12DD2EFEB00}.Debug|ARM.Build.0 = Debug|ARM
		{F844BA2F-52BB-45B0-B53B-A12DD2EFEB00}.Debug|ARM.Deploy.0 = Debug|ARM
		{F844BA2F-52BB-45B0-B53B-A12DD2EFEB00}.Debug|x64.ActiveCfg = Debug|x64
		{F844BA2F-52BB-45B0-B53B-A12DD2EFEB00}.Debug|x64.Build.0 = Debug|x64
		{F844BA2F-52BB-45B0-B53B-A12DD2EFEB00}.Debug|x64.Deploy.0 = Debug|x64
		{F844BA2F-52BB-45B0-B53B-A12DD2EFEB00}.Debug|x86.ActiveCfg = Debug|x86
		{F844BA2F-52BB-45B0-B53B-A12DD2EFEB00}.Debug|x86.Build.0 = Debug|x86
		{F844BA2F-52BB-45B0-B53B-A12DD2EFEB00}.Debug|x86.Deploy.0 = Debug|x86
		{F844BA2F-52BB-45B0-B53B-A12DD2EFEB00}.Release|Any CPU.ActiveCfg = Release|Any CPU
		{F844BA2F-52BB-45B0-B53B-A12DD2EFEB00}.Release|Any CPU.Build.0 = Release|Any CPU
		{F844BA2F-52BB-45B0-B53B-A12DD2EFEB00}.Release|Any CPU.Deploy.0 = Release|Any CPU
		{F844BA2F-52BB-45B0-B53B-A12DD2EFEB00}.Release|ARM.ActiveCfg = Release|ARM
		{F844BA2F-52BB-45B0-B53B-A12DD2EFEB00}.Release|ARM.Build.0 = Release|ARM
		{F844BA2F-52BB-45B0-B53B-A12DD2EFEB00}.Release|ARM.Deploy.0 = Release|ARM
		{F844BA2F-52BB-45B0-B53B-A12DD2EFEB00}.Release|x64.ActiveCfg = Release|x64
		{F844BA2F-52BB-45B0-B53B-A12DD2EFEB00}.Release|x64.Build.0 = Release|x64
		{F844BA2F-52BB-45B0-B53B-A12DD2EFEB00}.Release|x64.Deploy.0 = Release|x64
		{F844BA2F-52BB-45B0-B53B-A12DD2EFEB00}.Release|x86.ActiveCfg = Release|x86
		{F844BA2F-52BB-45B0-B53B-A12DD2EFEB00}.Release|x86.Build.0 = Release|x86
		{F844BA2F-52BB-45B0-B53B-A12DD2EFEB00}.Release|x86.Deploy.0 = Release|x86
	EndGlobalSection
	GlobalSection(SolutionProperties) = preSolution
		HideSolutionNode = FALSE
	EndGlobalSection
EndGlobal
